
Microsoft Visual Studio Solution File, Format Version 12.00
# Visual Studio Version 16
VisualStudioVersion = 16.0.28803.352
MinimumVisualStudioVersion = 10.0.40219.1
Project("{FAE04EC0-301F-11D3-BF4B-00C04F79EFBC}") = "EmployeeExam", "EmployeeExam\EmployeeExam.csproj", "{058264C0-3F9C-423E-A970-CDD1B1DD552E}"
EndProject
Global
	GlobalSection(SolutionConfigurationPlatforms) = preSolution
		Debug|Any CPU = Debug|Any CPU
		Release|Any CPU = Release|Any CPU
	EndGlobalSection
	GlobalSection(ProjectConfigurationPlatforms) = postSolution
		{058264C0-3F9C-423E-A970-CDD1B1DD552E}.Debug|Any CPU.ActiveCfg = Debug|Any CPU
		{058264C0-3F9C-423E-A970-CDD1B1DD552E}.Debug|Any CPU.Build.0 = Debug|Any CPU
		{058264C0-3F9C-423E-A970-CDD1B1DD552E}.Release|Any CPU.ActiveCfg = Release|Any CPU
		{058264C0-3F9C-423E-A970-CDD1B1DD552E}.Release|Any CPU.Build.0 = Release|Any CPU
	EndGlobalSection
	GlobalSection(SolutionProperties) = preSolution
		HideSolutionNode = FALSE
	EndGlobalSection
	GlobalSection(ExtensibilityGlobals) = postSolution
		SolutionGuid = {CCB9E913-0D3F-4C55-BC06-A3AFDA28AD1C}
	EndGlobalSection
EndGlobal
